// !$*UTF8*$!
{
	archiveVersion = 1;
	classes = {
	};
	objectVersion = 46;
	objects = {

/* Begin PBXBuildFile section */
		21D99CA01CFBD251003BD1ED /* AppDelegate.swift in Sources */ = {isa = PBXBuildFile; fileRef = 21D99C9F1CFBD251003BD1ED /* AppDelegate.swift */; };
		21D99CA21CFBD251003BD1ED /* ViewController.swift in Sources */ = {isa = PBXBuildFile; fileRef = 21D99CA11CFBD251003BD1ED /* ViewController.swift */; };
		21D99CA51CFBD251003BD1ED /* Main.storyboard in Resources */ = {isa = PBXBuildFile; fileRef = 21D99CA31CFBD251003BD1ED /* Main.storyboard */; };
		21D99CA71CFBD251003BD1ED /* Assets.xcassets in Resources */ = {isa = PBXBuildFile; fileRef = 21D99CA61CFBD251003BD1ED /* Assets.xcassets */; };
		21D99CAA1CFBD251003BD1ED /* LaunchScreen.storyboard in Resources */ = {isa = PBXBuildFile; fileRef = 21D99CA81CFBD251003BD1ED /* LaunchScreen.storyboard */; };
		21D99CB51CFBD251003BD1ED /* contact_appTests.swift in Sources */ = {isa = PBXBuildFile; fileRef = 21D99CB41CFBD251003BD1ED /* contact_appTests.swift */; };
		21D99CC01CFBD251003BD1ED /* contact_appUITests.swift in Sources */ = {isa = PBXBuildFile; fileRef = 21D99CBF1CFBD251003BD1ED /* contact_appUITests.swift */; };
/* End PBXBuildFile section */

/* Begin PBXContainerItemProxy section */
		21D99CB11CFBD251003BD1ED /* PBXContainerItemProxy */ = {
			isa = PBXContainerItemProxy;
			containerPortal = 21D99C941CFBD251003BD1ED /* Project object */;
			proxyType = 1;
			remoteGlobalIDString = 21D99C9B1CFBD251003BD1ED;
			remoteInfo = contact_app;
		};
		21D99CBC1CFBD251003BD1ED /* PBXContainerItemProxy */ = {
			isa = PBXContainerItemProxy;
			containerPortal = 21D99C941CFBD251003BD1ED /* Project object */;
			proxyType = 1;
			remoteGlobalIDString = 21D99C9B1CFBD251003BD1ED;
			remoteInfo = contact_app;
		};
/* End PBXContainerItemProxy section */

/* Begin PBXFileReference section */
		21D99C9C1CFBD251003BD1ED /* contact_app.app */ = {isa = PBXFileReference; explicitFileType = wrapper.application; includeInIndex = 0; path = contact_app.app; sourceTree = BUILT_PRODUCTS_DIR; };
		21D99C9F1CFBD251003BD1ED /* AppDelegate.swift */ = {isa = PBXFileReference; lastKnownFileType = sourcecode.swift; path = AppDelegate.swift; sourceTree = "<group>"; };
		21D99CA11CFBD251003BD1ED /* ViewController.swift */ = {isa = PBXFileReference; lastKnownFileType = sourcecode.swift; path = ViewController.swift; sourceTree = "<group>"; };
		21D99CA41CFBD251003BD1ED /* Base */ = {isa = PBXFileReference; lastKnownFileType = file.storyboard; name = Base; path = Base.lproj/Main.storyboard; sourceTree = "<group>"; };
		21D99CA61CFBD251003BD1ED /* Assets.xcassets */ = {isa = PBXFileReference; lastKnownFileType = folder.assetcatalog; path = Assets.xcassets; sourceTree = "<group>"; };
		21D99CA91CFBD251003BD1ED /* Base */ = {isa = PBXFileReference; lastKnownFileType = file.storyboard; name = Base; path = Base.lproj/LaunchScreen.storyboard; sourceTree = "<group>"; };
		21D99CAB1CFBD251003BD1ED /* Info.plist */ = {isa = PBXFileReference; lastKnownFileType = text.plist.xml; path = Info.plist; sourceTree = "<group>"; };
		21D99CB01CFBD251003BD1ED /* contact_appTests.xctest */ = {isa = PBXFileReference; explicitFileType = wrapper.cfbundle; includeInIndex = 0; path = contact_appTests.xctest; sourceTree = BUILT_PRODUCTS_DIR; };
		21D99CB41CFBD251003BD1ED /* contact_appTests.swift */ = {isa = PBXFileReference; lastKnownFileType = sourcecode.swift; path = contact_appTests.swift; sourceTree = "<group>"; };
		21D99CB61CFBD251003BD1ED /* Info.plist */ = {isa = PBXFileReference; lastKnownFileType = text.plist.xml; path = Info.plist; sourceTree = "<group>"; };
		21D99CBB1CFBD251003BD1ED /* contact_appUITests.xctest */ = {isa = PBXFileReference; explicitFileType = wrapper.cfbundle; includeInIndex = 0; path = contact_appUITests.xctest; sourceTree = BUILT_PRODUCTS_DIR; };
		21D99CBF1CFBD251003BD1ED /* contact_appUITests.swift */ = {isa = PBXFileReference; lastKnownFileType = sourcecode.swift; path = contact_appUITests.swift; sourceTree = "<group>"; };
		21D99CC11CFBD251003BD1ED /* Info.plist */ = {isa = PBXFileReference; lastKnownFileType = text.plist.xml; path = Info.plist; sourceTree = "<group>"; };
/* End PBXFileReference section */

/* Begin PBXFrameworksBuildPhase section */
		21D99C991CFBD251003BD1ED /* Frameworks */ = {
			isa = PBXFrameworksBuildPhase;
			buildActionMask = 2147483647;
			files = (
			);
			runOnlyForDeploymentPostprocessing = 0;
		};
		21D99CAD1CFBD251003BD1ED /* Frameworks */ = {
			isa = PBXFrameworksBuildPhase;
			buildActionMask = 2147483647;
			files = (
			);
			runOnlyForDeploymentPostprocessing = 0;
		};
		21D99CB81CFBD251003BD1ED /* Frameworks */ = {
			isa = PBXFrameworksBuildPhase;
			buildActionMask = 2147483647;
			files = (
			);
			runOnlyForDeploymentPostprocessing = 0;
		};
/* End PBXFrameworksBuildPhase section */

/* Begin PBXGroup section */
		21D99C931CFBD251003BD1ED = {
			isa = PBXGroup;
			children = (
				21D99C9E1CFBD251003BD1ED /* contact_app */,
				21D99CB31CFBD251003BD1ED /* contact_appTests */,
				21D99CBE1CFBD251003BD1ED /* contact_appUITests */,
				21D99C9D1CFBD251003BD1ED /* Products */,
			);
			sourceTree = "<group>";
		};
		21D99C9D1CFBD251003BD1ED /* Products */ = {
			isa = PBXGroup;
			children = (
				21D99C9C1CFBD251003BD1ED /* contact_app.app */,
				21D99CB01CFBD251003BD1ED /* contact_appTests.xctest */,
				21D99CBB1CFBD251003BD1ED /* contact_appUITests.xctest */,
			);
			name = Products;
			sourceTree = "<group>";
		};
		21D99C9E1CFBD251003BD1ED /* contact_app */ = {
			isa = PBXGroup;
			children = (
				21D99C9F1CFBD251003BD1ED /* AppDelegate.swift */,
				21D99CA11CFBD251003BD1ED /* ViewController.swift */,
				21D99CA31CFBD251003BD1ED /* Main.storyboard */,
				21D99CA61CFBD251003BD1ED /* Assets.xcassets */,
				21D99CA81CFBD251003BD1ED /* LaunchScreen.storyboard */,
				21D99CAB1CFBD251003BD1ED /* Info.plist */,
			);
			path = contact_app;
			sourceTree = "<group>";
		};
		21D99CB31CFBD251003BD1ED /* contact_appTests */ = {
			isa = PBXGroup;
			children = (
				21D99CB41CFBD251003BD1ED /* contact_appTests.swift */,
				21D99CB61CFBD251003BD1ED /* Info.plist */,
			);
			path = contact_appTests;
			sourceTree = "<group>";
		};
		21D99CBE1CFBD251003BD1ED /* contact_appUITests */ = {
			isa = PBXGroup;
			children = (
				21D99CBF1CFBD251003BD1ED /* contact_appUITests.swift */,
				21D99CC11CFBD251003BD1ED /* Info.plist */,
			);
			path = contact_appUITests;
			sourceTree = "<group>";
		};
/* End PBXGroup section */

/* Begin PBXNativeTarget section */
		21D99C9B1CFBD251003BD1ED /* contact_app */ = {
			isa = PBXNativeTarget;
			buildConfigurationList = 21D99CC41CFBD251003BD1ED /* Build configuration list for PBXNativeTarget "contact_app" */;
			buildPhases = (
				21D99C981CFBD251003BD1ED /* Sources */,
				21D99C991CFBD251003BD1ED /* Frameworks */,
				21D99C9A1CFBD251003BD1ED /* Resources */,
			);
			buildRules = (
			);
			dependencies = (
			);
			name = contact_app;
			productName = contact_app;
			productReference = 21D99C9C1CFBD251003BD1ED /* contact_app.app */;
			productType = "com.apple.product-type.application";
		};
		21D99CAF1CFBD251003BD1ED /* contact_appTests */ = {
			isa = PBXNativeTarget;
			buildConfigurationList = 21D99CC71CFBD251003BD1ED /* Build configuration list for PBXNativeTarget "contact_appTests" */;
			buildPhases = (
				21D99CAC1CFBD251003BD1ED /* Sources */,
				21D99CAD1CFBD251003BD1ED /* Frameworks */,
				21D99CAE1CFBD251003BD1ED /* Resources */,
			);
			buildRules = (
			);
			dependencies = (
				21D99CB21CFBD251003BD1ED /* PBXTargetDependency */,
			);
			name = contact_appTests;
			productName = contact_appTests;
			productReference = 21D99CB01CFBD251003BD1ED /* contact_appTests.xctest */;
			productType = "com.apple.product-type.bundle.unit-test";
		};
		21D99CBA1CFBD251003BD1ED /* contact_appUITests */ = {
			isa = PBXNativeTarget;
			buildConfigurationList = 21D99CCA1CFBD251003BD1ED /* Build configuration list for PBXNativeTarget "contact_appUITests" */;
			buildPhases = (
				21D99CB71CFBD251003BD1ED /* Sources */,
				21D99CB81CFBD251003BD1ED /* Frameworks */,
				21D99CB91CFBD251003BD1ED /* Resources */,
			);
			buildRules = (
			);
			dependencies = (
				21D99CBD1CFBD251003BD1ED /* PBXTargetDependency */,
			);
			name = contact_appUITests;
			productName = contact_appUITests;
			productReference = 21D99CBB1CFBD251003BD1ED /* contact_appUITests.xctest */;
			productType = "com.apple.product-type.bundle.ui-testing";
		};
/* End PBXNativeTarget section */

/* Begin PBXProject section */
		21D99C941CFBD251003BD1ED /* Project object */ = {
			isa = PBXProject;
			attributes = {
				LastSwiftUpdateCheck = 0730;
				LastUpgradeCheck = 0730;
				ORGANIZATIONNAME = AJ;
				TargetAttributes = {
					21D99C9B1CFBD251003BD1ED = {
						CreatedOnToolsVersion = 7.3.1;
					};
					21D99CAF1CFBD251003BD1ED = {
						CreatedOnToolsVersion = 7.3.1;
						TestTargetID = 21D99C9B1CFBD251003BD1ED;
					};
					21D99CBA1CFBD251003BD1ED = {
						CreatedOnToolsVersion = 7.3.1;
						TestTargetID = 21D99C9B1CFBD251003BD1ED;
					};
				};
			};
			buildConfigurationList = 21D99C971CFBD251003BD1ED /* Build configuration list for PBXProject "contact_app" */;
			compatibilityVersion = "Xcode 3.2";
			developmentRegion = English;
			hasScannedForEncodings = 0;
			knownRegions = (
				en,
				Base,
			);
			mainGroup = 21D99C931CFBD251003BD1ED;
			productRefGroup = 21D99C9D1CFBD251003BD1ED /* Products */;
			projectDirPath = "";
			projectRoot = "";
			targets = (
				21D99C9B1CFBD251003BD1ED /* contact_app */,
				21D99CAF1CFBD251003BD1ED /* contact_appTests */,
				21D99CBA1CFBD251003BD1ED /* contact_appUITests */,
			);
		};
/* End PBXProject section */

/* Begin PBXResourcesBuildPhase section */
		21D99C9A1CFBD251003BD1ED /* Resources */ = {
			isa = PBXResourcesBuildPhase;
			buildActionMask = 2147483647;
			files = (
				21D99CAA1CFBD251003BD1ED /* LaunchScreen.storyboard in Resources */,
				21D99CA71CFBD251003BD1ED /* Assets.xcassets in Resources */,
				21D99CA51CFBD251003BD1ED /* Main.storyboard in Resources */,
			);
			runOnlyForDeploymentPostprocessing = 0;
		};
		21D99CAE1CFBD251003BD1ED /* Resources */ = {
			isa = PBXResourcesBuildPhase;
			buildActionMask = 2147483647;
			files = (
			);
			runOnlyForDeploymentPostprocessing = 0;
		};
		21D99CB91CFBD251003BD1ED /* Resources */ = {
			isa = PBXResourcesBuildPhase;
			buildActionMask = 2147483647;
			files = (
			);
			runOnlyForDeploymentPostprocessing = 0;
		};
/* End PBXResourcesBuildPhase section */

/* Begin PBXSourcesBuildPhase section */
		21D99C981CFBD251003BD1ED /* Sources */ = {
			isa = PBXSourcesBuildPhase;
			buildActionMask = 2147483647;
			files = (
				21D99CA21CFBD251003BD1ED /* ViewController.swift in Sources */,
				21D99CA01CFBD251003BD1ED /* AppDelegate.swift in Sources */,
			);
			runOnlyForDeploymentPostprocessing = 0;
		};
		21D99CAC1CFBD251003BD1ED /* Sources */ = {
			isa = PBXSourcesBuildPhase;
			buildActionMask = 2147483647;
			files = (
				21D99CB51CFBD251003BD1ED /* contact_appTests.swift in Sources */,
			);
			runOnlyForDeploymentPostprocessing = 0;
		};
		21D99CB71CFBD251003BD1ED /* Sources */ = {
			isa = PBXSourcesBuildPhase;
			buildActionMask = 2147483647;
			files = (
				21D99CC01CFBD251003BD1ED /* contact_appUITests.swift in Sources */,
			);
			runOnlyForDeploymentPostprocessing = 0;
		};
/* End PBXSourcesBuildPhase section */

/* Begin PBXTargetDependency section */
		21D99CB21CFBD251003BD1ED /* PBXTargetDependency */ = {
			isa = PBXTargetDependency;
			target = 21D99C9B1CFBD251003BD1ED /* contact_app */;
			targetProxy = 21D99CB11CFBD251003BD1ED /* PBXContainerItemProxy */;
		};
		21D99CBD1CFBD251003BD1ED /* PBXTargetDependency */ = {
			isa = PBXTargetDependency;
			target = 21D99C9B1CFBD251003BD1ED /* contact_app */;
			targetProxy = 21D99CBC1CFBD251003BD1ED /* PBXContainerItemProxy */;
		};
/* End PBXTargetDependency section */

/* Begin PBXVariantGroup section */
		21D99CA31CFBD251003BD1ED /* Main.storyboard */ = {
			isa = PBXVariantGroup;
			children = (
				21D99CA41CFBD251003BD1ED /* Base */,
			);
			name = Main.storyboard;
			sourceTree = "<group>";
		};
		21D99CA81CFBD251003BD1ED /* LaunchScreen.storyboard */ = {
			isa = PBXVariantGroup;
			children = (
				21D99CA91CFBD251003BD1ED /* Base */,
			);
			name = LaunchScreen.storyboard;
			sourceTree = "<group>";
		};
/* End PBXVariantGroup section */

/* Begin XCBuildConfiguration section */
		21D99CC21CFBD251003BD1ED /* Debug */ = {
			isa = XCBuildConfiguration;
			buildSettings = {
				ALWAYS_SEARCH_USER_PATHS = NO;
				CLANG_ANALYZER_NONNULL = YES;
				CLANG_CXX_LANGUAGE_STANDARD = "gnu++0x";
				CLANG_CXX_LIBRARY = "libc++";
				CLANG_ENABLE_MODULES = YES;
				CLANG_ENABLE_OBJC_ARC = YES;
				CLANG_WARN_BOOL_CONVERSION = YES;
				CLANG_WARN_CONSTANT_CONVERSION = YES;
				CLANG_WARN_DIRECT_OBJC_ISA_USAGE = YES_ERROR;
				CLANG_WARN_EMPTY_BODY = YES;
				CLANG_WARN_ENUM_CONVERSION = YES;
				CLANG_WARN_INT_CONVERSION = YES;
				CLANG_WARN_OBJC_ROOT_CLASS = YES_ERROR;
				CLANG_WARN_UNREACHABLE_CODE = YES;
				CLANG_WARN__DUPLICATE_METHOD_MATCH = YES;
				"CODE_SIGN_IDENTITY[sdk=iphoneos*]" = "iPhone Developer";
				COPY_PHASE_STRIP = NO;
				DEBUG_INFORMATION_FORMAT = dwarf;
				ENABLE_STRICT_OBJC_MSGSEND = YES;
				ENABLE_TESTABILITY = YES;
				GCC_C_LANGUAGE_STANDARD = gnu99;
				GCC_DYNAMIC_NO_PIC = NO;
				GCC_NO_COMMON_BLOCKS = YES;
				GCC_OPTIMIZATION_LEVEL = 0;
				GCC_PREPROCESSOR_DEFINITIONS = (
					"DEBUG=1",
					"$(inherited)",
				);
				GCC_WARN_64_TO_32_BIT_CONVERSION = YES;
				GCC_WARN_ABOUT_RETURN_TYPE = YES_ERROR;
				GCC_WARN_UNDECLARED_SELECTOR = YES;
				GCC_WARN_UNINITIALIZED_AUTOS = YES_AGGRESSIVE;
				GCC_WARN_UNUSED_FUNCTION = YES;
				GCC_WARN_UNUSED_VARIABLE = YES;
				IPHONEOS_DEPLOYMENT_TARGET = 9.3;
				MTL_ENABLE_DEBUG_INFO = YES;
				ONLY_ACTIVE_ARCH = YES;
				SDKROOT = iphoneos;
				SWIFT_OPTIMIZATION_LEVEL = "-Onone";
				TARGETED_DEVICE_FAMILY = "1,2";
			};
			name = Debug;
		};
		21D99CC31CFBD251003BD1ED /* Release */ = {
			isa = XCBuildConfiguration;
			buildSettings = {
				ALWAYS_SEARCH_USER_PATHS = NO;
				CLANG_ANALYZER_NONNULL = YES;
				CLANG_CXX_LANGUAGE_STANDARD = "gnu++0x";
				CLANG_CXX_LIBRARY = "libc++";
				CLANG_ENABLE_MODULES = YES;
				CLANG_ENABLE_OBJC_ARC = YES;
				CLANG_WARN_BOOL_CONVERSION = YES;
				CLANG_WARN_CONSTANT_CONVERSION = YES;
				CLANG_WARN_DIRECT_OBJC_ISA_USAGE = YES_ERROR;
				CLANG_WARN_EMPTY_BODY = YES;
				CLANG_WARN_ENUM_CONVERSION = YES;
				CLANG_WARN_INT_CONVERSION = YES;
				CLANG_WARN_OBJC_ROOT_CLASS = YES_ERROR;
				CLANG_WARN_UNREACHABLE_CODE = YES;
				CLANG_WARN__DUPLICATE_METHOD_MATCH = YES;
				"CODE_SIGN_IDENTITY[sdk=iphoneos*]" = "iPhone Developer";
				COPY_PHASE_STRIP = NO;
				DEBUG_INFORMATION_FORMAT = "dwarf-with-dsym";
				ENABLE_NS_ASSERTIONS = NO;
				ENABLE_STRICT_OBJC_MSGSEND = YES;
				GCC_C_LANGUAGE_STANDARD = gnu99;
				GCC_NO_COMMON_BLOCKS = YES;
				GCC_WARN_64_TO_32_BIT_CONVERSION = YES;
				GCC_WARN_ABOUT_RETURN_TYPE = YES_ERROR;
				GCC_WARN_UNDECLARED_SELECTOR = YES;
				GCC_WARN_UNINITIALIZED_AUTOS = YES_AGGRESSIVE;
				GCC_WARN_UNUSED_FUNCTION = YES;
				GCC_WARN_UNUSED_VARIABLE = YES;
				IPHONEOS_DEPLOYMENT_TARGET = 9.3;
				MTL_ENABLE_DEBUG_INFO = NO;
				SDKROOT = iphoneos;
				TARGETED_DEVICE_FAMILY = "1,2";
				VALIDATE_PRODUCT = YES;
			};
			name = Release;
		};
		21D99CC51CFBD251003BD1ED /* Debug */ = {
			isa = XCBuildConfiguration;
			buildSettings = {
				ASSETCATALOG_COMPILER_APPICON_NAME = AppIcon;
				INFOPLIST_FILE = contact_app/Info.plist;
				LD_RUNPATH_SEARCH_PATHS = "$(inherited) @executable_path/Frameworks";
				PRODUCT_BUNDLE_IDENTIFIER = "AJ.contact-app";
				PRODUCT_NAME = "$(TARGET_NAME)";
			};
			name = Debug;
		};
		21D99CC61CFBD251003BD1ED /* Release */ = {
			isa = XCBuildConfiguration;
			buildSettings = {
				ASSETCATALOG_COMPILER_APPICON_NAME = AppIcon;
				INFOPLIST_FILE = contact_app/Info.plist;
				LD_RUNPATH_SEARCH_PATHS = "$(inherited) @executable_path/Frameworks";
				PRODUCT_BUNDLE_IDENTIFIER = "AJ.contact-app";
				PRODUCT_NAME = "$(TARGET_NAME)";
			};
			name = Release;
		};
		21D99CC81CFBD251003BD1ED /* Debug */ = {
			isa = XCBuildConfiguration;
			buildSettings = {
				BUNDLE_LOADER = "$(TEST_HOST)";
				INFOPLIST_FILE = contact_appTests/Info.plist;
				LD_RUNPATH_SEARCH_PATHS = "$(inherited) @executable_path/Frameworks @loader_path/Frameworks";
				PRODUCT_BUNDLE_IDENTIFIER = "AJ.contact-appTests";
				PRODUCT_NAME = "$(TARGET_NAME)";
				TEST_HOST = "$(BUILT_PRODUCTS_DIR)/contact_app.app/contact_app";
			};
			name = Debug;
		};
		21D99CC91CFBD251003BD1ED /* Release */ = {
			isa = XCBuildConfiguration;
			buildSettings = {
				BUNDLE_LOADER = "$(TEST_HOST)";
				INFOPLIST_FILE = contact_appTests/Info.plist;
				LD_RUNPATH_SEARCH_PATHS = "$(inherited) @executable_path/Frameworks @loader_path/Frameworks";
				PRODUCT_BUNDLE_IDENTIFIER = "AJ.contact-appTests";
				PRODUCT_NAME = "$(TARGET_NAME)";
				TEST_HOST = "$(BUILT_PRODUCTS_DIR)/contact_app.app/contact_app";
			};
			name = Release;
		};
		21D99CCB1CFBD251003BD1ED /* Debug */ = {
			isa = XCBuildConfiguration;
			buildSettings = {
				INFOPLIST_FILE = contact_appUITests/Info.plist;
				LD_RUNPATH_SEARCH_PATHS = "$(inherited) @executable_path/Frameworks @loader_path/Frameworks";
				PRODUCT_BUNDLE_IDENTIFIER = "AJ.contact-appUITests";
				PRODUCT_NAME = "$(TARGET_NAME)";
				TEST_TARGET_NAME = contact_app;
			};
			name = Debug;
		};
		21D99CCC1CFBD251003BD1ED /* Release */ = {
			isa = XCBuildConfiguration;
			buildSettings = {
				INFOPLIST_FILE = contact_appUITests/Info.plist;
				LD_RUNPATH_SEARCH_PATHS = "$(inherited) @executable_path/Frameworks @loader_path/Frameworks";
				PRODUCT_BUNDLE_IDENTIFIER = "AJ.contact-appUITests";
				PRODUCT_NAME = "$(TARGET_NAME)";
				TEST_TARGET_NAME = contact_app;
			};
			name = Release;
		};
/* End XCBuildConfiguration section */

/* Begin XCConfigurationList section */
		21D99C971CFBD251003BD1ED /* Build configuration list for PBXProject "contact_app" */ = {
			isa = XCConfigurationList;
			buildConfigurations = (
				21D99CC21CFBD251003BD1ED /* Debug */,
				21D99CC31CFBD251003BD1ED /* Release */,
			);
			defaultConfigurationIsVisible = 0;
			defaultConfigurationName = Release;
		};
		21D99CC41CFBD251003BD1ED /* Build configuration list for PBXNativeTarget "contact_app" */ = {
			isa = XCConfigurationList;
			buildConfigurations = (
				21D99CC51CFBD251003BD1ED /* Debug */,
				21D99CC61CFBD251003BD1ED /* Release */,
			);
			defaultConfigurationIsVisible = 0;
		};
		21D99CC71CFBD251003BD1ED /* Build configuration list for PBXNativeTarget "contact_appTests" */ = {
			isa = XCConfigurationList;
			buildConfigurations = (
				21D99CC81CFBD251003BD1ED /* Debug */,
				21D99CC91CFBD251003BD1ED /* Release */,
			);
			defaultConfigurationIsVisible = 0;
		};
		21D99CCA1CFBD251003BD1ED /* Build configuration list for PBXNativeTarget "contact_appUITests" */ = {
			isa = XCConfigurationList;
			buildConfigurations = (
				21D99CCB1CFBD251003BD1ED /* Debug */,
				21D99CCC1CFBD251003BD1ED /* Release */,
			);
			defaultConfigurationIsVisible = 0;
		};
/* End XCConfigurationList section */
	};
	rootObject = 21D99C941CFBD251003BD1ED /* Project object */;
}
